
Microsoft Visual Studio Solution File, Format Version 12.00
# Visual Studio Version 16
VisualStudioVersion = 16.0.30717.126
MinimumVisualStudioVersion = 10.0.40219.1
Project("{8BC9CEB8-8B4A-11D0-8D11-00A0C91BC942}") = "lab1.3", "lab1.3.vcxproj", "{E6C407CD-1C49-40A1-9297-89FE5DB9F94A}"
EndProject
Project("{8BC9CEB8-8B4A-11D0-8D11-00A0C91BC942}") = "UnitTest1", "UnitTest1\UnitTest1.vcxproj", "{5637DF4C-5B6C-4C0F-9328-5AFBE9929091}"
EndProject
Global
	GlobalSection(SolutionConfigurationPlatforms) = preSolution
		Debug|x64 = Debug|x64
		Debug|x86 = Debug|x86
		Release|x64 = Release|x64
		Release|x86 = Release|x86
	EndGlobalSection
	GlobalSection(ProjectConfigurationPlatforms) = postSolution
		{E6C407CD-1C49-40A1-9297-89FE5DB9F94A}.Debug|x64.ActiveCfg = Debug|x64
		{E6C407CD-1C49-40A1-9297-89FE5DB9F94A}.Debug|x64.Build.0 = Debug|x64
		{E6C407CD-1C49-40A1-9297-89FE5DB9F94A}.Debug|x86.ActiveCfg = Debug|Win32
		{E6C407CD-1C49-40A1-9297-89FE5DB9F94A}.Debug|x86.Build.0 = Debug|Win32
		{E6C407CD-1C49-40A1-9297-89FE5DB9F94A}.Release|x64.ActiveCfg = Release|x64
		{E6C407CD-1C49-40A1-9297-89FE5DB9F94A}.Release|x64.Build.0 = Release|x64
		{E6C407CD-1C49-40A1-9297-89FE5DB9F94A}.Release|x86.ActiveCfg = Release|Win32
		{E6C407CD-1C49-40A1-9297-89FE5DB9F94A}.Release|x86.Build.0 = Release|Win32
		{5637DF4C-5B6C-4C0F-9328-5AFBE9929091}.Debug|x64.ActiveCfg = Debug|x64
		{5637DF4C-5B6C-4C0F-9328-5AFBE9929091}.Debug|x64.Build.0 = Debug|x64
		{5637DF4C-5B6C-4C0F-9328-5AFBE9929091}.Debug|x86.ActiveCfg = Debug|Win32
		{5637DF4C-5B6C-4C0F-9328-5AFBE9929091}.Debug|x86.Build.0 = Debug|Win32
		{5637DF4C-5B6C-4C0F-9328-5AFBE9929091}.Release|x64.ActiveCfg = Release|x64
		{5637DF4C-5B6C-4C0F-9328-5AFBE9929091}.Release|x64.Build.0 = Release|x64
		{5637DF4C-5B6C-4C0F-9328-5AFBE9929091}.Release|x86.ActiveCfg = Release|Win32
		{5637DF4C-5B6C-4C0F-9328-5AFBE9929091}.Release|x86.Build.0 = Release|Win32
	EndGlobalSection
	GlobalSection(SolutionProperties) = preSolution
		HideSolutionNode = FALSE
	EndGlobalSection
	GlobalSection(ExtensibilityGlobals) = postSolution
		SolutionGuid = {2D3319BF-3435-4E60-AC2A-9B6D5CD2AB9C}
	EndGlobalSection
EndGlobal
